
Microsoft Visual Studio Solution File, Format Version 12.00
# Visual Studio 15
VisualStudioVersion = 15.0.28010.2050
MinimumVisualStudioVersion = 10.0.40219.1
Project("{8BC9CEB8-8B4A-11D0-8D11-00A0C91BC942}") = "P26", "P26\P26.vcxproj", "{D9761D87-C0D6-4E26-9821-AA0D3BFC0E5B}"
EndProject
Global
	GlobalSection(SolutionConfigurationPlatforms) = preSolution
		Debug|x64 = Debug|x64
		Debug|x86 = Debug|x86
		Release|x64 = Release|x64
		Release|x86 = Release|x86
	EndGlobalSection
	GlobalSection(ProjectConfigurationPlatforms) = postSolution
		{D9761D87-C0D6-4E26-9821-AA0D3BFC0E5B}.Debug|x64.ActiveCfg = Debug|x64
		{D9761D87-C0D6-4E26-9821-AA0D3BFC0E5B}.Debug|x64.Build.0 = Debug|x64
		{D9761D87-C0D6-4E26-9821-AA0D3BFC0E5B}.Debug|x86.ActiveCfg = Debug|Win32
		{D9761D87-C0D6-4E26-9821-AA0D3BFC0E5B}.Debug|x86.Build.0 = Debug|Win32
		{D9761D87-C0D6-4E26-9821-AA0D3BFC0E5B}.Release|x64.ActiveCfg = Release|x64
		{D9761D87-C0D6-4E26-9821-AA0D3BFC0E5B}.Release|x64.Build.0 = Release|x64
		{D9761D87-C0D6-4E26-9821-AA0D3BFC0E5B}.Release|x86.ActiveCfg = Release|Win32
		{D9761D87-C0D6-4E26-9821-AA0D3BFC0E5B}.Release|x86.Build.0 = Release|Win32
	EndGlobalSection
	GlobalSection(SolutionProperties) = preSolution
		HideSolutionNode = FALSE
	EndGlobalSection
	GlobalSection(ExtensibilityGlobals) = postSolution
		SolutionGuid = {D98A3D74-CC46-4C09-A3AB-8C71E4B20BDF}
	EndGlobalSection
EndGlobal
